
Microsoft Visual Studio Solution File, Format Version 12.00
# Visual Studio Version 17
VisualStudioVersion = 17.9.34310.174
MinimumVisualStudioVersion = 10.0.40219.1
Project("{FAE04EC0-301F-11D3-BF4B-00C04F79EFBC}") = "HardwareIntrinsicsNet8", "HardwareIntrinsicsNet8\HardwareIntrinsicsNet8.csproj", "{B9C0F94D-0C04-4808-A830-6586A6992DA5}"
EndProject
Global
	GlobalSection(SolutionConfigurationPlatforms) = preSolution
		Debug|Any CPU = Debug|Any CPU
		Release|Any CPU = Release|Any CPU
	EndGlobalSection
	GlobalSection(ProjectConfigurationPlatforms) = postSolution
		{B9C0F94D-0C04-4808-A830-6586A6992DA5}.Debug|Any CPU.ActiveCfg = Debug|Any CPU
		{B9C0F94D-0C04-4808-A830-6586A6992DA5}.Debug|Any CPU.Build.0 = Debug|Any CPU
		{B9C0F94D-0C04-4808-A830-6586A6992DA5}.Release|Any CPU.ActiveCfg = Release|Any CPU
		{B9C0F94D-0C04-4808-A830-6586A6992DA5}.Release|Any CPU.Build.0 = Release|Any CPU
	EndGlobalSection
	GlobalSection(SolutionProperties) = preSolution
		HideSolutionNode = FALSE
	EndGlobalSection
	GlobalSection(ExtensibilityGlobals) = postSolution
		SolutionGuid = {F55C0A75-C83A-4B5D-932C-572C1449DBC6}
	EndGlobalSection
EndGlobal
